
Microsoft Visual Studio Solution File, Format Version 12.00
# Visual Studio 14
VisualStudioVersion = 14.0.25420.1
MinimumVisualStudioVersion = 10.0.40219.1
Project("{FAE04EC0-301F-11D3-BF4B-00C04F79EFBC}") = "PJTrack.Entities", "PJTrack.Entities\PJTrack.Entities.csproj", "{41238F95-7E30-41F8-B094-544C3BDF5B2F}"
EndProject
Project("{FAE04EC0-301F-11D3-BF4B-00C04F79EFBC}") = "PJTrack.Data", "PJTrack.Data\PJTrack.Data.csproj", "{E4D7E4FD-97CF-46EF-BA1A-016B1519C9FE}"
EndProject
Global
	GlobalSection(SolutionConfigurationPlatforms) = preSolution
		Debug|Any CPU = Debug|Any CPU
		Release|Any CPU = Release|Any CPU
	EndGlobalSection
	GlobalSection(ProjectConfigurationPlatforms) = postSolution
		{41238F95-7E30-41F8-B094-544C3BDF5B2F}.Debug|Any CPU.ActiveCfg = Debug|Any CPU
		{41238F95-7E30-41F8-B094-544C3BDF5B2F}.Debug|Any CPU.Build.0 = Debug|Any CPU
		{41238F95-7E30-41F8-B094-544C3BDF5B2F}.Release|Any CPU.ActiveCfg = Release|Any CPU
		{41238F95-7E30-41F8-B094-544C3BDF5B2F}.Release|Any CPU.Build.0 = Release|Any CPU
		{E4D7E4FD-97CF-46EF-BA1A-016B1519C9FE}.Debug|Any CPU.ActiveCfg = Debug|Any CPU
		{E4D7E4FD-97CF-46EF-BA1A-016B1519C9FE}.Debug|Any CPU.Build.0 = Debug|Any CPU
		{E4D7E4FD-97CF-46EF-BA1A-016B1519C9FE}.Release|Any CPU.ActiveCfg = Release|Any CPU
		{E4D7E4FD-97CF-46EF-BA1A-016B1519C9FE}.Release|Any CPU.Build.0 = Release|Any CPU
	EndGlobalSection
	GlobalSection(SolutionProperties) = preSolution
		HideSolutionNode = FALSE
	EndGlobalSection
EndGlobal
